
Microsoft Visual Studio Solution File, Format Version 12.00
# Visual Studio Version 16
VisualStudioVersion = 16.0.34601.136
MinimumVisualStudioVersion = 10.0.40219.1
Project("{FAE04EC0-301F-11D3-BF4B-00C04F79EFBC}") = "BasicLearningManagementSystem", "BasicLearningManagementSystem\BasicLearningManagementSystem.csproj", "{B0AF188C-9F8B-410A-9FE2-A7753CA1B9CB}"
EndProject
Global
	GlobalSection(SolutionConfigurationPlatforms) = preSolution
		Debug|Any CPU = Debug|Any CPU
		Release|Any CPU = Release|Any CPU
	EndGlobalSection
	GlobalSection(ProjectConfigurationPlatforms) = postSolution
		{B0AF188C-9F8B-410A-9FE2-A7753CA1B9CB}.Debug|Any CPU.ActiveCfg = Debug|Any CPU
		{B0AF188C-9F8B-410A-9FE2-A7753CA1B9CB}.Debug|Any CPU.Build.0 = Debug|Any CPU
		{B0AF188C-9F8B-410A-9FE2-A7753CA1B9CB}.Release|Any CPU.ActiveCfg = Release|Any CPU
		{B0AF188C-9F8B-410A-9FE2-A7753CA1B9CB}.Release|Any CPU.Build.0 = Release|Any CPU
	EndGlobalSection
	GlobalSection(SolutionProperties) = preSolution
		HideSolutionNode = FALSE
	EndGlobalSection
	GlobalSection(ExtensibilityGlobals) = postSolution
		SolutionGuid = {C6B24FD7-2ED0-4204-960D-DB8CB3BA3E4B}
	EndGlobalSection
EndGlobal
